
Microsoft Visual Studio Solution File, Format Version 12.00
# Visual Studio Version 16
VisualStudioVersion = 16.0.810.25
MinimumVisualStudioVersion = 10.0.40219.1
Project("{FAE04EC0-301F-11D3-BF4B-00C04F79EFBC}") = "ECE461Project1", "ECE461Project1\ECE461Project1.csproj", "{AF2FFD26-5B76-4086-B47B-70A4FF10FCEE}"
EndProject
Global
	GlobalSection(SolutionConfigurationPlatforms) = preSolution
		Debug|Any CPU = Debug|Any CPU
		Release|Any CPU = Release|Any CPU
	EndGlobalSection
	GlobalSection(ProjectConfigurationPlatforms) = postSolution
		{AF2FFD26-5B76-4086-B47B-70A4FF10FCEE}.Debug|Any CPU.ActiveCfg = Debug|Any CPU
		{AF2FFD26-5B76-4086-B47B-70A4FF10FCEE}.Debug|Any CPU.Build.0 = Debug|Any CPU
		{AF2FFD26-5B76-4086-B47B-70A4FF10FCEE}.Release|Any CPU.ActiveCfg = Release|Any CPU
		{AF2FFD26-5B76-4086-B47B-70A4FF10FCEE}.Release|Any CPU.Build.0 = Release|Any CPU
	EndGlobalSection
	GlobalSection(SolutionProperties) = preSolution
		HideSolutionNode = FALSE
	EndGlobalSection
	GlobalSection(ExtensibilityGlobals) = postSolution
		SolutionGuid = {E89BDBED-D3EB-47B4-9187-E003B55D2695}
	EndGlobalSection
EndGlobal
